
Microsoft Visual Studio Solution File, Format Version 12.00
# Visual Studio Version 16
VisualStudioVersion = 16.0.29613.14
MinimumVisualStudioVersion = 10.0.40219.1
Project("{9A19103F-16F7-4668-BE54-9A1E7A4F7556}") = "AuthServer", "AuthServer\AuthServer.csproj", "{5CE215B3-1F2C-46DA-886C-BFBD1D8EF6E5}"
EndProject
Project("{9A19103F-16F7-4668-BE54-9A1E7A4F7556}") = "StatisticService", "StatisticService\StatisticService.csproj", "{979F1DC4-193A-49AF-86C9-2D3CC35D7CC4}"
EndProject
Project("{9A19103F-16F7-4668-BE54-9A1E7A4F7556}") = "TrackingAPIServices", "TrackingAPIServices\TrackingAPIServices.csproj", "{16DC523C-3FAB-4B95-96AB-93126539DAC5}"
EndProject
Project("{9A19103F-16F7-4668-BE54-9A1E7A4F7556}") = "UserAPIServices", "UserAPIServices\UserAPIServices.csproj", "{EBB2A075-1D41-4726-B7B5-A54EAE355E0B}"
EndProject
Global
	GlobalSection(SolutionConfigurationPlatforms) = preSolution
		Debug|Any CPU = Debug|Any CPU
		Release|Any CPU = Release|Any CPU
	EndGlobalSection
	GlobalSection(ProjectConfigurationPlatforms) = postSolution
		{5CE215B3-1F2C-46DA-886C-BFBD1D8EF6E5}.Debug|Any CPU.ActiveCfg = Debug|Any CPU
		{5CE215B3-1F2C-46DA-886C-BFBD1D8EF6E5}.Debug|Any CPU.Build.0 = Debug|Any CPU
		{5CE215B3-1F2C-46DA-886C-BFBD1D8EF6E5}.Release|Any CPU.ActiveCfg = Release|Any CPU
		{5CE215B3-1F2C-46DA-886C-BFBD1D8EF6E5}.Release|Any CPU.Build.0 = Release|Any CPU
		{979F1DC4-193A-49AF-86C9-2D3CC35D7CC4}.Debug|Any CPU.ActiveCfg = Debug|Any CPU
		{979F1DC4-193A-49AF-86C9-2D3CC35D7CC4}.Debug|Any CPU.Build.0 = Debug|Any CPU
		{979F1DC4-193A-49AF-86C9-2D3CC35D7CC4}.Release|Any CPU.ActiveCfg = Release|Any CPU
		{979F1DC4-193A-49AF-86C9-2D3CC35D7CC4}.Release|Any CPU.Build.0 = Release|Any CPU
		{16DC523C-3FAB-4B95-96AB-93126539DAC5}.Debug|Any CPU.ActiveCfg = Debug|Any CPU
		{16DC523C-3FAB-4B95-96AB-93126539DAC5}.Debug|Any CPU.Build.0 = Debug|Any CPU
		{16DC523C-3FAB-4B95-96AB-93126539DAC5}.Release|Any CPU.ActiveCfg = Release|Any CPU
		{16DC523C-3FAB-4B95-96AB-93126539DAC5}.Release|Any CPU.Build.0 = Release|Any CPU
		{EBB2A075-1D41-4726-B7B5-A54EAE355E0B}.Debug|Any CPU.ActiveCfg = Debug|Any CPU
		{EBB2A075-1D41-4726-B7B5-A54EAE355E0B}.Debug|Any CPU.Build.0 = Debug|Any CPU
		{EBB2A075-1D41-4726-B7B5-A54EAE355E0B}.Release|Any CPU.ActiveCfg = Release|Any CPU
		{EBB2A075-1D41-4726-B7B5-A54EAE355E0B}.Release|Any CPU.Build.0 = Release|Any CPU
	EndGlobalSection
	GlobalSection(SolutionProperties) = preSolution
		HideSolutionNode = FALSE
	EndGlobalSection
	GlobalSection(ExtensibilityGlobals) = postSolution
		SolutionGuid = {EA6BEFF3-7CD3-4A8D-A7BD-D1EE9216F053}
	EndGlobalSection
EndGlobal
